github.com/SENERGY-Platform/device-manager v0.0.0-20221012084225-0d325fb49872 h1:hoLcO3IaCDWmMVdxCSQJ7d3McAiKL1T89iQ/lRslvw4=
github.com/SENERGY-Platform/device-manager v0.0.0-20221012084225-0d325fb49872/go.mod h1:PEdXjSmzOYEMPMmDX6I/0itUyFQO5+SWWQcdzK8Ezp8=
github.com/SENERGY-Platform/smart-service-module-worker-lib v0.0.0-20220805102514-10fe40062139 h1:GVwOUbyc98gnsP5VPqEwpJj670xZ9Fvnu9FNAohUILE=
github.com/SENERGY-Platform/smart-service-module-worker-lib v0.0.0-20220805102514-10fe40062139/go.mod h1:o7mZ2VanXVpRrT3JmDc3ohIXn20fBrCb6lqXDEuxApE=
github.com/SENERGY-Platform/smart-service-module-worker-lib v0.0.0-20221027064615-5557fe124266 h1:CoFrJjOQ6k4iEdjRnj62lpLg0rlYybSZg2FXi43mCoE=
github.com/SENERGY-Platform/smart-service-module-worker-lib v0.0.0-20221027064615-5557fe124266/go.mod h1:o7mZ2VanXVpRrT3JmDc3ohIXn20fBrCb6lqXDEuxApE=
github.com/SENERGY-Platform/smart-service-module-worker-lib v0.0.0-20221108102427-78bcce22041a h1:l/J+XUdZBc7wcLr9v0HJGg1AmjsdVKB5ixBAqJeiFUI=
github.com/SENERGY-Platform/smart-service-module-worker-lib v0.0.0-20221108102427-78bcce22041a/go.mod h1:o7mZ2VanXVpRrT3JmDc3ohIXn20fBrCb6lqXDEuxApE=
github.com/SENERGY-Platform/smart-service-module-worker-lib v0.0.0-20221108112635-50c2c3ccf5f1 h1:rxul85auIyzhlCX+zSsAXhg3FvMj3Ca9rtKeNkwhJEM=
github.com/SENERGY-Platform/smart-service-module-worker-lib v0.0.0-20221108112635-50c2c3ccf5f1/go.mod h1:o7mZ2VanXVpRrT3JmDc3ohIXn20fBrCb6lqXDEuxApE=
github.com/cespare/xxhash/v2 v2.1.2 h1:YRXhKfTDauu4ajMg1TPgFO5jnlC2HCbmLXMcTG5cbYE=
github.com/cespare/xxhash/v2 v2.1.2/go.mod h1:VGX0DQ3Q6kWi7AoAeZDth3/j3BFtOZR5XLFGgcrjCOs=
github.com/coocood/freecache v1.2.1 h1:/v1CqMq45NFH9mp/Pt142reundeBM0dVUD3osQBeu/U=
github.com/coocood/freecache v1.2.1/go.mod h1:RBUWa/Cy+OHdfTGFEhEuE1pMCMX51Ncizj7rthiQ3vk=
github.com/golang-jwt/jwt v3.2.2+incompatible h1:IfV12K8xAKAnZqdXVzCZ+TOjboZ2keLg81eXfW3O+oY=
github.com/golang-jwt/jwt v3.2.2+incompatible/go.mod h1:8pz2t5EyA70fFQQSrl6XZXzqecmYZeUEB8OUGHkxJ+I=
github.com/google/uuid v1.1.1 h1:Gkbcsh/GbpXz7lPftLA3P6TYMwjCLYm83jiFQZF/3gY=
github.com/google/uuid v1.1.1/go.mod h1:TIyPZe4MgqvfeYDBFedMoGGpEw/LqOeaOT+nhxU+yHo=
github.com/julienschmidt/httprouter v1.3.0 h1:U0609e9tgbseu3rBINet9P48AI/D3oJs4dN7jwJOQ1U=
github.com/julienschmidt/httprouter v1.3.0/go.mod h1:JR6WtHb+2LUe8TCKY3cZOxFyyO8IZAc4RVcycCCAKdM=
